{
  "nodes": {
    "emacs-overlay": {
      "inputs": {
        "flake-utils": "flake-utils",
        "nixpkgs": "nixpkgs"
      },
      "locked": {
        "lastModified": 1673544307,
        "narHash": "sha256-DzJyt37KjZ1eAD3RVH55i+QXwOVXL2/ivRqeKsR7pls=",
        "owner": "nix-community",
        "repo": "emacs-overlay",
        "rev": "a458da4b6b21eb5963438d305b216b7a4921f19a",
        "type": "github"
      },
      "original": {
        "owner": "nix-community",
        "repo": "emacs-overlay",
        "type": "github"
      }
    },
    "flake-compat": {
      "flake": false,
      "locked": {
        "lastModified": 1668681692,
        "narHash": "sha256-Ht91NGdewz8IQLtWZ9LCeNXMSXHUss+9COoqu6JLmXU=",
        "owner": "edolstra",
        "repo": "flake-compat",
        "rev": "009399224d5e398d03b22badca40a37ac85412a1",
        "type": "github"
      },
      "original": {
        "owner": "edolstra",
        "repo": "flake-compat",
        "type": "github"
      }
    },
    "flake-utils": {
      "locked": {
        "lastModified": 1667395993,
        "narHash": "sha256-nuEHfE/LcWyuSWnS8t12N1wc105Qtau+/OdUAjtQ0rA=",
        "owner": "numtide",
        "repo": "flake-utils",
        "rev": "5aed5285a952e0b949eb3ba02c12fa4fcfef535f",
        "type": "github"
      },
      "original": {
        "owner": "numtide",
        "repo": "flake-utils",
        "type": "github"
      }
    },
    "flake-utils_2": {
      "locked": {
        "lastModified": 1667395993,
        "narHash": "sha256-nuEHfE/LcWyuSWnS8t12N1wc105Qtau+/OdUAjtQ0rA=",
        "owner": "numtide",
        "repo": "flake-utils",
        "rev": "5aed5285a952e0b949eb3ba02c12fa4fcfef535f",
        "type": "github"
      },
      "original": {
        "owner": "numtide",
        "repo": "flake-utils",
        "type": "github"
      }
    },
    "nixos-wsl": {
      "inputs": {
        "flake-compat": "flake-compat",
        "flake-utils": "flake-utils_2",
        "nixpkgs": "nixpkgs_2"
      },
      "locked": {
        "lastModified": 1673339198,
        "narHash": "sha256-5EAIJq89sTFooJ5vhsnaw7mDtKVDICvCv2ul7+BXAgA=",
        "owner": "nix-community",
        "repo": "NixOS-WSL",
        "rev": "217178edb1127fb41ac4fd534d8a513c3dd3d81b",
        "type": "github"
      },
      "original": {
        "owner": "nix-community",
        "repo": "NixOS-WSL",
        "type": "github"
      }
    },
    "nixpkgs": {
      "locked": {
        "lastModified": 1672616430,
        "narHash": "sha256-e18rRwDUaW/Uw1tBmtsVueJ2SVI5DLhrEGwhkIo+c50=",
        "path": "/nix/store/a4ya9g18cvi9l41jjkpx610wdlwrc2ch-source",
        "rev": "0bf3109eeb61780965c27f4a0a4affdcd0cd4d3d",
        "type": "path"
      },
      "original": {
        "id": "nixpkgs",
        "type": "indirect"
      }
    },
    "nixpkgs_2": {
      "locked": {
        "lastModified": 1671313200,
        "narHash": "sha256-itZTrtHeDJjV696+ur0/TzkTqb5y3Eb57WRLRPK3rwA=",
        "owner": "NixOS",
        "repo": "nixpkgs",
        "rev": "0938d73bb143f4ae037143572f11f4338c7b2d1c",
        "type": "github"
      },
      "original": {
        "owner": "NixOS",
        "ref": "nixos-22.11",
        "repo": "nixpkgs",
        "type": "github"
      }
    },
    "nixpkgs_3": {
      "locked": {
        "lastModified": 1673439286,
        "narHash": "sha256-CHlGzPceL90wBLD7wt8ZGvulHtf5ZfbXfR37DR10eRs=",
        "owner": "nixos",
        "repo": "nixpkgs",
        "rev": "9c8bff77b5d51380f5da349d0a6fc515da6244b0",
        "type": "github"
      },
      "original": {
        "owner": "nixos",
        "ref": "nixos-22.11",
        "repo": "nixpkgs",
        "type": "github"
      }
    },
    "root": {
      "inputs": {
        "emacs-overlay": "emacs-overlay",
        "nixos-wsl": "nixos-wsl",
        "nixpkgs": "nixpkgs_3"
      }
    }
  },
  "root": "root",
  "version": 7
}
